// !$*UTF8*$!
{
	archiveVersion = 1;
	classes = {
	};
	objectVersion = 46;
	objects = {

/* Begin PBXBuildFile section */
		5B04D3371CB918E30005C15F /* AVKit.framework in Sources */ = {isa = PBXBuildFile; fileRef = 5B04D3351CB916F50005C15F /* AVKit.framework */; };
		5B04D3381CB919060005C15F /* AVFoundation.framework in Sources */ = {isa = PBXBuildFile; fileRef = 5B04D3331CB916A20005C15F /* AVFoundation.framework */; };
		5B04D3391CB919B30005C15F /* AVFoundation.framework in Frameworks */ = {isa = PBXBuildFile; fileRef = 5B04D3331CB916A20005C15F /* AVFoundation.framework */; };
		5B04D33C1CB919BD0005C15F /* AVKit.framework in Frameworks */ = {isa = PBXBuildFile; fileRef = 5B04D3351CB916F50005C15F /* AVKit.framework */; };
		5B04D3451CB91C020005C15F /* main.m in Sources */ = {isa = PBXBuildFile; fileRef = 5B04D3441CB91C020005C15F /* main.m */; };
		5B04D3481CB91C020005C15F /* AppDelegate.m in Sources */ = {isa = PBXBuildFile; fileRef = 5B04D3471CB91C020005C15F /* AppDelegate.m */; };
		5B04D34B1CB91C020005C15F /* ViewController.m in Sources */ = {isa = PBXBuildFile; fileRef = 5B04D34A1CB91C020005C15F /* ViewController.m */; };
		5B04D34E1CB91C020005C15F /* Main.storyboard in Resources */ = {isa = PBXBuildFile; fileRef = 5B04D34C1CB91C020005C15F /* Main.storyboard */; };
		5B04D3501CB91C020005C15F /* Assets.xcassets in Resources */ = {isa = PBXBuildFile; fileRef = 5B04D34F1CB91C020005C15F /* Assets.xcassets */; };
		5B04D3531CB91C020005C15F /* LaunchScreen.storyboard in Resources */ = {isa = PBXBuildFile; fileRef = 5B04D3511CB91C020005C15F /* LaunchScreen.storyboard */; };
		5BFB9ABE1CB9399B001FB73A /* AudioToolbox.framework in Frameworks */ = {isa = PBXBuildFile; fileRef = 5BFB9ABD1CB9399B001FB73A /* AudioToolbox.framework */; };
		5BFB9AC11CB94446001FB73A /* BackgroundTask.m in Sources */ = {isa = PBXBuildFile; fileRef = 5BFB9AC01CB94446001FB73A /* BackgroundTask.m */; };
		F17015B019B4397F00343279 /* Foundation.framework in Frameworks */ = {isa = PBXBuildFile; fileRef = F17015AF19B4397F00343279 /* Foundation.framework */; };
		F17015B219B4397F00343279 /* CoreGraphics.framework in Frameworks */ = {isa = PBXBuildFile; fileRef = F17015B119B4397F00343279 /* CoreGraphics.framework */; };
		F17015B419B4397F00343279 /* UIKit.framework in Frameworks */ = {isa = PBXBuildFile; fileRef = F17015B319B4397F00343279 /* UIKit.framework */; };
		F17015BA19B4398000343279 /* InfoPlist.strings in Resources */ = {isa = PBXBuildFile; fileRef = F17015B819B4398000343279 /* InfoPlist.strings */; };
		F17015BC19B4398000343279 /* main.m in Sources */ = {isa = PBXBuildFile; fileRef = F17015BB19B4398000343279 /* main.m */; };
		F17015C019B4398000343279 /* N6AppDelegate.m in Sources */ = {isa = PBXBuildFile; fileRef = F17015BF19B4398000343279 /* N6AppDelegate.m */; };
		F17015C319B4398000343279 /* Main.storyboard in Resources */ = {isa = PBXBuildFile; fileRef = F17015C119B4398000343279 /* Main.storyboard */; };
		F17015C619B4398000343279 /* N6ViewController.m in Sources */ = {isa = PBXBuildFile; fileRef = F17015C519B4398000343279 /* N6ViewController.m */; };
		F17015C819B4398000343279 /* Images.xcassets in Resources */ = {isa = PBXBuildFile; fileRef = F17015C719B4398000343279 /* Images.xcassets */; };
		F17015EF19B439F400343279 /* MMPushService.m in Sources */ = {isa = PBXBuildFile; fileRef = F17015EE19B439F400343279 /* MMPushService.m */; };
		F17015F219B4476800343279 /* libMQTTKit.a in Frameworks */ = {isa = PBXBuildFile; fileRef = F17015EA19B439B800343279 /* libMQTTKit.a */; };
/* End PBXBuildFile section */

/* Begin PBXContainerItemProxy section */
		F17015E919B439B800343279 /* PBXContainerItemProxy */ = {
			isa = PBXContainerItemProxy;
			containerPortal = F17015E419B439B800343279 /* MQTTKit.xcodeproj */;
			proxyType = 2;
			remoteGlobalIDString = 93EEBC981816CAB00055100D;
			remoteInfo = MQTTKit;
		};
		F17015F019B4473C00343279 /* PBXContainerItemProxy */ = {
			isa = PBXContainerItemProxy;
			containerPortal = F17015E419B439B800343279 /* MQTTKit.xcodeproj */;
			proxyType = 1;
			remoteGlobalIDString = 93EEBC971816CAB00055100D;
			remoteInfo = MQTTKit;
		};
/* End PBXContainerItemProxy section */

/* Begin PBXFileReference section */
		5B04D3331CB916A20005C15F /* AVFoundation.framework */ = {isa = PBXFileReference; lastKnownFileType = wrapper.framework; name = AVFoundation.framework; path = System/Library/Frameworks/AVFoundation.framework; sourceTree = SDKROOT; };
		5B04D3351CB916F50005C15F /* AVKit.framework */ = {isa = PBXFileReference; lastKnownFileType = wrapper.framework; name = AVKit.framework; path = System/Library/Frameworks/AVKit.framework; sourceTree = SDKROOT; };
		5B04D33A1CB919B80005C15F /* AudioUnit.framework */ = {isa = PBXFileReference; lastKnownFileType = wrapper.framework; name = AudioUnit.framework; path = System/Library/Frameworks/AudioUnit.framework; sourceTree = SDKROOT; };
		5B04D3411CB91C020005C15F /* musicBackDemo.app */ = {isa = PBXFileReference; explicitFileType = wrapper.application; includeInIndex = 0; path = musicBackDemo.app; sourceTree = BUILT_PRODUCTS_DIR; };
		5B04D3441CB91C020005C15F /* main.m */ = {isa = PBXFileReference; lastKnownFileType = sourcecode.c.objc; path = main.m; sourceTree = "<group>"; };
		5B04D3461CB91C020005C15F /* AppDelegate.h */ = {isa = PBXFileReference; lastKnownFileType = sourcecode.c.h; path = AppDelegate.h; sourceTree = "<group>"; };
		5B04D3471CB91C020005C15F /* AppDelegate.m */ = {isa = PBXFileReference; lastKnownFileType = sourcecode.c.objc; path = AppDelegate.m; sourceTree = "<group>"; };
		5B04D3491CB91C020005C15F /* ViewController.h */ = {isa = PBXFileReference; lastKnownFileType = sourcecode.c.h; path = ViewController.h; sourceTree = "<group>"; };
		5B04D34A1CB91C020005C15F /* ViewController.m */ = {isa = PBXFileReference; lastKnownFileType = sourcecode.c.objc; path = ViewController.m; sourceTree = "<group>"; };
		5B04D34D1CB91C020005C15F /* Base */ = {isa = PBXFileReference; lastKnownFileType = file.storyboard; name = Base; path = Base.lproj/Main.storyboard; sourceTree = "<group>"; };
		5B04D34F1CB91C020005C15F /* Assets.xcassets */ = {isa = PBXFileReference; lastKnownFileType = folder.assetcatalog; path = Assets.xcassets; sourceTree = "<group>"; };
		5B04D3521CB91C020005C15F /* Base */ = {isa = PBXFileReference; lastKnownFileType = file.storyboard; name = Base; path = Base.lproj/LaunchScreen.storyboard; sourceTree = "<group>"; };
		5B04D3541CB91C020005C15F /* Info.plist */ = {isa = PBXFileReference; lastKnownFileType = text.plist.xml; path = Info.plist; sourceTree = "<group>"; };
		5BFB9ABD1CB9399B001FB73A /* AudioToolbox.framework */ = {isa = PBXFileReference; lastKnownFileType = wrapper.framework; name = AudioToolbox.framework; path = System/Library/Frameworks/AudioToolbox.framework; sourceTree = SDKROOT; };
		5BFB9ABF1CB94446001FB73A /* BackgroundTask.h */ = {isa = PBXFileReference; fileEncoding = 4; lastKnownFileType = sourcecode.c.h; path = BackgroundTask.h; sourceTree = "<group>"; };
		5BFB9AC01CB94446001FB73A /* BackgroundTask.m */ = {isa = PBXFileReference; fileEncoding = 4; lastKnownFileType = sourcecode.c.objc; path = BackgroundTask.m; sourceTree = "<group>"; };
		F17015AC19B4397F00343279 /* Demo-mqtt-push.app */ = {isa = PBXFileReference; explicitFileType = wrapper.application; includeInIndex = 0; path = "Demo-mqtt-push.app"; sourceTree = BUILT_PRODUCTS_DIR; };
		F17015AF19B4397F00343279 /* Foundation.framework */ = {isa = PBXFileReference; lastKnownFileType = wrapper.framework; name = Foundation.framework; path = System/Library/Frameworks/Foundation.framework; sourceTree = SDKROOT; };
		F17015B119B4397F00343279 /* CoreGraphics.framework */ = {isa = PBXFileReference; lastKnownFileType = wrapper.framework; name = CoreGraphics.framework; path = System/Library/Frameworks/CoreGraphics.framework; sourceTree = SDKROOT; };
		F17015B319B4397F00343279 /* UIKit.framework */ = {isa = PBXFileReference; lastKnownFileType = wrapper.framework; name = UIKit.framework; path = System/Library/Frameworks/UIKit.framework; sourceTree = SDKROOT; };
		F17015B719B4398000343279 /* Demo-mqtt-push-Info.plist */ = {isa = PBXFileReference; lastKnownFileType = text.plist.xml; path = "Demo-mqtt-push-Info.plist"; sourceTree = "<group>"; };
		F17015B919B4398000343279 /* en */ = {isa = PBXFileReference; lastKnownFileType = text.plist.strings; name = en; path = en.lproj/InfoPlist.strings; sourceTree = "<group>"; };
		F17015BB19B4398000343279 /* main.m */ = {isa = PBXFileReference; lastKnownFileType = sourcecode.c.objc; path = main.m; sourceTree = "<group>"; };
		F17015BD19B4398000343279 /* Demo-mqtt-push-Prefix.pch */ = {isa = PBXFileReference; lastKnownFileType = sourcecode.c.h; path = "Demo-mqtt-push-Prefix.pch"; sourceTree = "<group>"; };
		F17015BE19B4398000343279 /* N6AppDelegate.h */ = {isa = PBXFileReference; lastKnownFileType = sourcecode.c.h; path = N6AppDelegate.h; sourceTree = "<group>"; };
		F17015BF19B4398000343279 /* N6AppDelegate.m */ = {isa = PBXFileReference; lastKnownFileType = sourcecode.c.objc; path = N6AppDelegate.m; sourceTree = "<group>"; };
		F17015C219B4398000343279 /* Base */ = {isa = PBXFileReference; lastKnownFileType = file.storyboard; name = Base; path = Base.lproj/Main.storyboard; sourceTree = "<group>"; };
		F17015C419B4398000343279 /* N6ViewController.h */ = {isa = PBXFileReference; lastKnownFileType = sourcecode.c.h; path = N6ViewController.h; sourceTree = "<group>"; };
		F17015C519B4398000343279 /* N6ViewController.m */ = {isa = PBXFileReference; lastKnownFileType = sourcecode.c.objc; path = N6ViewController.m; sourceTree = "<group>"; };
		F17015C719B4398000343279 /* Images.xcassets */ = {isa = PBXFileReference; lastKnownFileType = folder.assetcatalog; path = Images.xcassets; sourceTree = "<group>"; };
		F17015CE19B4398000343279 /* XCTest.framework */ = {isa = PBXFileReference; lastKnownFileType = wrapper.framework; name = XCTest.framework; path = Library/Frameworks/XCTest.framework; sourceTree = DEVELOPER_DIR; };
		F17015E419B439B800343279 /* MQTTKit.xcodeproj */ = {isa = PBXFileReference; lastKnownFileType = "wrapper.pb-project"; name = MQTTKit.xcodeproj; path = MQTTKit/MQTTKit.xcodeproj; sourceTree = "<group>"; };
		F17015ED19B439F400343279 /* MMPushService.h */ = {isa = PBXFileReference; fileEncoding = 4; lastKnownFileType = sourcecode.c.h; path = MMPushService.h; sourceTree = "<group>"; };
		F17015EE19B439F400343279 /* MMPushService.m */ = {isa = PBXFileReference; fileEncoding = 4; lastKnownFileType = sourcecode.c.objc; path = MMPushService.m; sourceTree = "<group>"; };
/* End PBXFileReference section */

/* Begin PBXFrameworksBuildPhase section */
		5B04D33E1CB91C020005C15F /* Frameworks */ = {
			isa = PBXFrameworksBuildPhase;
			buildActionMask = 2147483647;
			files = (
			);
			runOnlyForDeploymentPostprocessing = 0;
		};
		F17015A919B4397F00343279 /* Frameworks */ = {
			isa = PBXFrameworksBuildPhase;
			buildActionMask = 2147483647;
			files = (
				5BFB9ABE1CB9399B001FB73A /* AudioToolbox.framework in Frameworks */,
				5B04D33C1CB919BD0005C15F /* AVKit.framework in Frameworks */,
				5B04D3391CB919B30005C15F /* AVFoundation.framework in Frameworks */,
				F17015F219B4476800343279 /* libMQTTKit.a in Frameworks */,
				F17015B219B4397F00343279 /* CoreGraphics.framework in Frameworks */,
				F17015B419B4397F00343279 /* UIKit.framework in Frameworks */,
				F17015B019B4397F00343279 /* Foundation.framework in Frameworks */,
			);
			runOnlyForDeploymentPostprocessing = 0;
		};
/* End PBXFrameworksBuildPhase section */

/* Begin PBXGroup section */
		5B04D3421CB91C020005C15F /* musicBackDemo */ = {
			isa = PBXGroup;
			children = (
				5B04D3461CB91C020005C15F /* AppDelegate.h */,
				5B04D3471CB91C020005C15F /* AppDelegate.m */,
				5B04D3491CB91C020005C15F /* ViewController.h */,
				5B04D34A1CB91C020005C15F /* ViewController.m */,
				5B04D34C1CB91C020005C15F /* Main.storyboard */,
				5B04D34F1CB91C020005C15F /* Assets.xcassets */,
				5B04D3511CB91C020005C15F /* LaunchScreen.storyboard */,
				5B04D3541CB91C020005C15F /* Info.plist */,
				5B04D3431CB91C020005C15F /* Supporting Files */,
			);
			path = musicBackDemo;
			sourceTree = "<group>";
		};
		5B04D3431CB91C020005C15F /* Supporting Files */ = {
			isa = PBXGroup;
			children = (
				5B04D3441CB91C020005C15F /* main.m */,
			);
			name = "Supporting Files";
			sourceTree = "<group>";
		};
		F17015A319B4397F00343279 = {
			isa = PBXGroup;
			children = (
				F17015E419B439B800343279 /* MQTTKit.xcodeproj */,
				F17015B519B4397F00343279 /* Demo-mqtt-push */,
				5B04D3421CB91C020005C15F /* musicBackDemo */,
				F17015AE19B4397F00343279 /* Frameworks */,
				F17015AD19B4397F00343279 /* Products */,
			);
			sourceTree = "<group>";
		};
		F17015AD19B4397F00343279 /* Products */ = {
			isa = PBXGroup;
			children = (
				F17015AC19B4397F00343279 /* Demo-mqtt-push.app */,
				5B04D3411CB91C020005C15F /* musicBackDemo.app */,
			);
			name = Products;
			sourceTree = "<group>";
		};
		F17015AE19B4397F00343279 /* Frameworks */ = {
			isa = PBXGroup;
			children = (
				5BFB9ABD1CB9399B001FB73A /* AudioToolbox.framework */,
				5B04D33A1CB919B80005C15F /* AudioUnit.framework */,
				5B04D3351CB916F50005C15F /* AVKit.framework */,
				5B04D3331CB916A20005C15F /* AVFoundation.framework */,
				F17015AF19B4397F00343279 /* Foundation.framework */,
				F17015B119B4397F00343279 /* CoreGraphics.framework */,
				F17015B319B4397F00343279 /* UIKit.framework */,
				F17015CE19B4398000343279 /* XCTest.framework */,
			);
			name = Frameworks;
			sourceTree = "<group>";
		};
		F17015B519B4397F00343279 /* Demo-mqtt-push */ = {
			isa = PBXGroup;
			children = (
				F17015ED19B439F400343279 /* MMPushService.h */,
				F17015EE19B439F400343279 /* MMPushService.m */,
				F17015BE19B4398000343279 /* N6AppDelegate.h */,
				F17015BF19B4398000343279 /* N6AppDelegate.m */,
				F17015C119B4398000343279 /* Main.storyboard */,
				F17015C419B4398000343279 /* N6ViewController.h */,
				F17015C519B4398000343279 /* N6ViewController.m */,
				5BFB9ABF1CB94446001FB73A /* BackgroundTask.h */,
				5BFB9AC01CB94446001FB73A /* BackgroundTask.m */,
				F17015C719B4398000343279 /* Images.xcassets */,
				F17015B619B4398000343279 /* Supporting Files */,
			);
			path = "Demo-mqtt-push";
			sourceTree = "<group>";
		};
		F17015B619B4398000343279 /* Supporting Files */ = {
			isa = PBXGroup;
			children = (
				F17015B719B4398000343279 /* Demo-mqtt-push-Info.plist */,
				F17015B819B4398000343279 /* InfoPlist.strings */,
				F17015BB19B4398000343279 /* main.m */,
				F17015BD19B4398000343279 /* Demo-mqtt-push-Prefix.pch */,
			);
			name = "Supporting Files";
			sourceTree = "<group>";
		};
		F17015E519B439B800343279 /* Products */ = {
			isa = PBXGroup;
			children = (
				F17015EA19B439B800343279 /* libMQTTKit.a */,
			);
			name = Products;
			sourceTree = "<group>";
		};
/* End PBXGroup section */

/* Begin PBXNativeTarget section */
		5B04D3401CB91C020005C15F /* musicBackDemo */ = {
			isa = PBXNativeTarget;
			buildConfigurationList = 5B04D3551CB91C020005C15F /* Build configuration list for PBXNativeTarget "musicBackDemo" */;
			buildPhases = (
				5B04D33D1CB91C020005C15F /* Sources */,
				5B04D33E1CB91C020005C15F /* Frameworks */,
				5B04D33F1CB91C020005C15F /* Resources */,
			);
			buildRules = (
			);
			dependencies = (
			);
			name = musicBackDemo;
			productName = musicBackDemo;
			productReference = 5B04D3411CB91C020005C15F /* musicBackDemo.app */;
			productType = "com.apple.product-type.application";
		};
		F17015AB19B4397F00343279 /* Demo-mqtt-push */ = {
			isa = PBXNativeTarget;
			buildConfigurationList = F17015DE19B4398000343279 /* Build configuration list for PBXNativeTarget "Demo-mqtt-push" */;
			buildPhases = (
				F17015A819B4397F00343279 /* Sources */,
				F17015A919B4397F00343279 /* Frameworks */,
				F17015AA19B4397F00343279 /* Resources */,
			);
			buildRules = (
			);
			dependencies = (
				F17015F119B4473C00343279 /* PBXTargetDependency */,
			);
			name = "Demo-mqtt-push";
			productName = "Demo-mqtt-push";
			productReference = F17015AC19B4397F00343279 /* Demo-mqtt-push.app */;
			productType = "com.apple.product-type.application";
		};
/* End PBXNativeTarget section */

/* Begin PBXProject section */
		F17015A419B4397F00343279 /* Project object */ = {
			isa = PBXProject;
			attributes = {
				CLASSPREFIX = N6;
				LastUpgradeCheck = 0510;
				ORGANIZATIONNAME = non6;
				TargetAttributes = {
					5B04D3401CB91C020005C15F = {
						CreatedOnToolsVersion = 7.1.1;
						DevelopmentTeam = XZ5PNLT2U8;
					};
					F17015AB19B4397F00343279 = {
						DevelopmentTeam = XZ5PNLT2U8;
					};
				};
			};
			buildConfigurationList = F17015A719B4397F00343279 /* Build configuration list for PBXProject "Demo-mqtt-push" */;
			compatibilityVersion = "Xcode 3.2";
			developmentRegion = English;
			hasScannedForEncodings = 0;
			knownRegions = (
				en,
				Base,
			);
			mainGroup = F17015A319B4397F00343279;
			productRefGroup = F17015AD19B4397F00343279 /* Products */;
			projectDirPath = "";
			projectReferences = (
				{
					ProductGroup = F17015E519B439B800343279 /* Products */;
					ProjectRef = F17015E419B439B800343279 /* MQTTKit.xcodeproj */;
				},
			);
			projectRoot = "";
			targets = (
				F17015AB19B4397F00343279 /* Demo-mqtt-push */,
				5B04D3401CB91C020005C15F /* musicBackDemo */,
			);
		};
/* End PBXProject section */

/* Begin PBXReferenceProxy section */
		F17015EA19B439B800343279 /* libMQTTKit.a */ = {
			isa = PBXReferenceProxy;
			fileType = archive.ar;
			path = libMQTTKit.a;
			remoteRef = F17015E919B439B800343279 /* PBXContainerItemProxy */;
			sourceTree = BUILT_PRODUCTS_DIR;
		};
/* End PBXReferenceProxy section */

/* Begin PBXResourcesBuildPhase section */
		5B04D33F1CB91C020005C15F /* Resources */ = {
			isa = PBXResourcesBuildPhase;
			buildActionMask = 2147483647;
			files = (
				5B04D3531CB91C020005C15F /* LaunchScreen.storyboard in Resources */,
				5B04D3501CB91C020005C15F /* Assets.xcassets in Resources */,
				5B04D34E1CB91C020005C15F /* Main.storyboard in Resources */,
			);
			runOnlyForDeploymentPostprocessing = 0;
		};
		F17015AA19B4397F00343279 /* Resources */ = {
			isa = PBXResourcesBuildPhase;
			buildActionMask = 2147483647;
			files = (
				F17015C819B4398000343279 /* Images.xcassets in Resources */,
				F17015BA19B4398000343279 /* InfoPlist.strings in Resources */,
				F17015C319B4398000343279 /* Main.storyboard in Resources */,
			);
			runOnlyForDeploymentPostprocessing = 0;
		};
/* End PBXResourcesBuildPhase section */

/* Begin PBXSourcesBuildPhase section */
		5B04D33D1CB91C020005C15F /* Sources */ = {
			isa = PBXSourcesBuildPhase;
			buildActionMask = 2147483647;
			files = (
				5B04D34B1CB91C020005C15F /* ViewController.m in Sources */,
				5B04D3481CB91C020005C15F /* AppDelegate.m in Sources */,
				5B04D3451CB91C020005C15F /* main.m in Sources */,
			);
			runOnlyForDeploymentPostprocessing = 0;
		};
		F17015A819B4397F00343279 /* Sources */ = {
			isa = PBXSourcesBuildPhase;
			buildActionMask = 2147483647;
			files = (
				5B04D3381CB919060005C15F /* AVFoundation.framework in Sources */,
				5B04D3371CB918E30005C15F /* AVKit.framework in Sources */,
				F17015C619B4398000343279 /* N6ViewController.m in Sources */,
				F17015EF19B439F400343279 /* MMPushService.m in Sources */,
				F17015C019B4398000343279 /* N6AppDelegate.m in Sources */,
				F17015BC19B4398000343279 /* main.m in Sources */,
				5BFB9AC11CB94446001FB73A /* BackgroundTask.m in Sources */,
			);
			runOnlyForDeploymentPostprocessing = 0;
		};
/* End PBXSourcesBuildPhase section */

/* Begin PBXTargetDependency section */
		F17015F119B4473C00343279 /* PBXTargetDependency */ = {
			isa = PBXTargetDependency;
			name = MQTTKit;
			targetProxy = F17015F019B4473C00343279 /* PBXContainerItemProxy */;
		};
/* End PBXTargetDependency section */

/* Begin PBXVariantGroup section */
		5B04D34C1CB91C020005C15F /* Main.storyboard */ = {
			isa = PBXVariantGroup;
			children = (
				5B04D34D1CB91C020005C15F /* Base */,
			);
			name = Main.storyboard;
			sourceTree = "<group>";
		};
		5B04D3511CB91C020005C15F /* LaunchScreen.storyboard */ = {
			isa = PBXVariantGroup;
			children = (
				5B04D3521CB91C020005C15F /* Base */,
			);
			name = LaunchScreen.storyboard;
			sourceTree = "<group>";
		};
		F17015B819B4398000343279 /* InfoPlist.strings */ = {
			isa = PBXVariantGroup;
			children = (
				F17015B919B4398000343279 /* en */,
			);
			name = InfoPlist.strings;
			sourceTree = "<group>";
		};
		F17015C119B4398000343279 /* Main.storyboard */ = {
			isa = PBXVariantGroup;
			children = (
				F17015C219B4398000343279 /* Base */,
			);
			name = Main.storyboard;
			sourceTree = "<group>";
		};
/* End PBXVariantGroup section */

/* Begin XCBuildConfiguration section */
		5B04D3561CB91C020005C15F /* Debug */ = {
			isa = XCBuildConfiguration;
			buildSettings = {
				ASSETCATALOG_COMPILER_APPICON_NAME = AppIcon;
				CLANG_WARN_UNREACHABLE_CODE = YES;
				DEBUG_INFORMATION_FORMAT = dwarf;
				ENABLE_STRICT_OBJC_MSGSEND = YES;
				ENABLE_TESTABILITY = YES;
				GCC_NO_COMMON_BLOCKS = YES;
				INFOPLIST_FILE = musicBackDemo/Info.plist;
				IPHONEOS_DEPLOYMENT_TARGET = 9.1;
				LD_RUNPATH_SEARCH_PATHS = "$(inherited) @executable_path/Frameworks";
				MTL_ENABLE_DEBUG_INFO = YES;
				PRODUCT_BUNDLE_IDENTIFIER = com.zhangxin.musicBackDemo;
				PRODUCT_NAME = "$(TARGET_NAME)";
			};
			name = Debug;
		};
		5B04D3571CB91C020005C15F /* Release */ = {
			isa = XCBuildConfiguration;
			buildSettings = {
				ASSETCATALOG_COMPILER_APPICON_NAME = AppIcon;
				CLANG_WARN_UNREACHABLE_CODE = YES;
				COPY_PHASE_STRIP = NO;
				DEBUG_INFORMATION_FORMAT = "dwarf-with-dsym";
				ENABLE_STRICT_OBJC_MSGSEND = YES;
				GCC_NO_COMMON_BLOCKS = YES;
				INFOPLIST_FILE = musicBackDemo/Info.plist;
				IPHONEOS_DEPLOYMENT_TARGET = 9.1;
				LD_RUNPATH_SEARCH_PATHS = "$(inherited) @executable_path/Frameworks";
				MTL_ENABLE_DEBUG_INFO = NO;
				PRODUCT_BUNDLE_IDENTIFIER = com.zhangxin.musicBackDemo;
				PRODUCT_NAME = "$(TARGET_NAME)";
			};
			name = Release;
		};
		F17015DC19B4398000343279 /* Debug */ = {
			isa = XCBuildConfiguration;
			buildSettings = {
				ALWAYS_SEARCH_USER_PATHS = NO;
				CLANG_CXX_LANGUAGE_STANDARD = "gnu++0x";
				CLANG_CXX_LIBRARY = "libc++";
				CLANG_ENABLE_MODULES = YES;
				CLANG_ENABLE_OBJC_ARC = YES;
				CLANG_WARN_BOOL_CONVERSION = YES;
				CLANG_WARN_CONSTANT_CONVERSION = YES;
				CLANG_WARN_DIRECT_OBJC_ISA_USAGE = YES_ERROR;
				CLANG_WARN_EMPTY_BODY = YES;
				CLANG_WARN_ENUM_CONVERSION = YES;
				CLANG_WARN_INT_CONVERSION = YES;
				CLANG_WARN_OBJC_ROOT_CLASS = YES_ERROR;
				CLANG_WARN__DUPLICATE_METHOD_MATCH = YES;
				"CODE_SIGN_IDENTITY[sdk=iphoneos*]" = "iPhone Developer";
				COPY_PHASE_STRIP = NO;
				GCC_C_LANGUAGE_STANDARD = gnu99;
				GCC_DYNAMIC_NO_PIC = NO;
				GCC_OPTIMIZATION_LEVEL = 0;
				GCC_PREPROCESSOR_DEFINITIONS = (
					"DEBUG=1",
					"$(inherited)",
				);
				GCC_SYMBOLS_PRIVATE_EXTERN = NO;
				GCC_WARN_64_TO_32_BIT_CONVERSION = YES;
				GCC_WARN_ABOUT_RETURN_TYPE = YES_ERROR;
				GCC_WARN_UNDECLARED_SELECTOR = YES;
				GCC_WARN_UNINITIALIZED_AUTOS = YES_AGGRESSIVE;
				GCC_WARN_UNUSED_FUNCTION = YES;
				GCC_WARN_UNUSED_VARIABLE = YES;
				IPHONEOS_DEPLOYMENT_TARGET = 7.1;
				ONLY_ACTIVE_ARCH = YES;
				SDKROOT = iphoneos;
			};
			name = Debug;
		};
		F17015DD19B4398000343279 /* Release */ = {
			isa = XCBuildConfiguration;
			buildSettings = {
				ALWAYS_SEARCH_USER_PATHS = NO;
				CLANG_CXX_LANGUAGE_STANDARD = "gnu++0x";
				CLANG_CXX_LIBRARY = "libc++";
				CLANG_ENABLE_MODULES = YES;
				CLANG_ENABLE_OBJC_ARC = YES;
				CLANG_WARN_BOOL_CONVERSION = YES;
				CLANG_WARN_CONSTANT_CONVERSION = YES;
				CLANG_WARN_DIRECT_OBJC_ISA_USAGE = YES_ERROR;
				CLANG_WARN_EMPTY_BODY = YES;
				CLANG_WARN_ENUM_CONVERSION = YES;
				CLANG_WARN_INT_CONVERSION = YES;
				CLANG_WARN_OBJC_ROOT_CLASS = YES_ERROR;
				CLANG_WARN__DUPLICATE_METHOD_MATCH = YES;
				"CODE_SIGN_IDENTITY[sdk=iphoneos*]" = "iPhone Developer";
				COPY_PHASE_STRIP = YES;
				ENABLE_NS_ASSERTIONS = NO;
				GCC_C_LANGUAGE_STANDARD = gnu99;
				GCC_WARN_64_TO_32_BIT_CONVERSION = YES;
				GCC_WARN_ABOUT_RETURN_TYPE = YES_ERROR;
				GCC_WARN_UNDECLARED_SELECTOR = YES;
				GCC_WARN_UNINITIALIZED_AUTOS = YES_AGGRESSIVE;
				GCC_WARN_UNUSED_FUNCTION = YES;
				GCC_WARN_UNUSED_VARIABLE = YES;
				IPHONEOS_DEPLOYMENT_TARGET = 7.1;
				SDKROOT = iphoneos;
				VALIDATE_PRODUCT = YES;
			};
			name = Release;
		};
		F17015DF19B4398000343279 /* Debug */ = {
			isa = XCBuildConfiguration;
			buildSettings = {
				ASSETCATALOG_COMPILER_APPICON_NAME = AppIcon;
				ASSETCATALOG_COMPILER_LAUNCHIMAGE_NAME = LaunchImage;
				CODE_SIGN_IDENTITY = "iPhone Developer";
				"CODE_SIGN_IDENTITY[sdk=iphoneos*]" = "iPhone Developer";
				GCC_PRECOMPILE_PREFIX_HEADER = YES;
				GCC_PREFIX_HEADER = "Demo-mqtt-push/Demo-mqtt-push-Prefix.pch";
				INFOPLIST_FILE = "Demo-mqtt-push/Demo-mqtt-push-Info.plist";
				PRODUCT_BUNDLE_IDENTIFIER = com.zhangxinxin.FaceExchange;
				PRODUCT_NAME = "$(TARGET_NAME)";
				PROVISIONING_PROFILE = "";
				WRAPPER_EXTENSION = app;
			};
			name = Debug;
		};
		F17015E019B4398000343279 /* Release */ = {
			isa = XCBuildConfiguration;
			buildSettings = {
				ASSETCATALOG_COMPILER_APPICON_NAME = AppIcon;
				ASSETCATALOG_COMPILER_LAUNCHIMAGE_NAME = LaunchImage;
				CODE_SIGN_IDENTITY = "iPhone Developer";
				"CODE_SIGN_IDENTITY[sdk=iphoneos*]" = "iPhone Developer";
				GCC_PRECOMPILE_PREFIX_HEADER = YES;
				GCC_PREFIX_HEADER = "Demo-mqtt-push/Demo-mqtt-push-Prefix.pch";
				INFOPLIST_FILE = "Demo-mqtt-push/Demo-mqtt-push-Info.plist";
				PRODUCT_BUNDLE_IDENTIFIER = com.zhangxinxin.FaceExchange;
				PRODUCT_NAME = "$(TARGET_NAME)";
				PROVISIONING_PROFILE = "";
				WRAPPER_EXTENSION = app;
			};
			name = Release;
		};
/* End XCBuildConfiguration section */

/* Begin XCConfigurationList section */
		5B04D3551CB91C020005C15F /* Build configuration list for PBXNativeTarget "musicBackDemo" */ = {
			isa = XCConfigurationList;
			buildConfigurations = (
				5B04D3561CB91C020005C15F /* Debug */,
				5B04D3571CB91C020005C15F /* Release */,
			);
			defaultConfigurationIsVisible = 0;
			defaultConfigurationName = Release;
		};
		F17015A719B4397F00343279 /* Build configuration list for PBXProject "Demo-mqtt-push" */ = {
			isa = XCConfigurationList;
			buildConfigurations = (
				F17015DC19B4398000343279 /* Debug */,
				F17015DD19B4398000343279 /* Release */,
			);
			defaultConfigurationIsVisible = 0;
			defaultConfigurationName = Release;
		};
		F17015DE19B4398000343279 /* Build configuration list for PBXNativeTarget "Demo-mqtt-push" */ = {
			isa = XCConfigurationList;
			buildConfigurations = (
				F17015DF19B4398000343279 /* Debug */,
				F17015E019B4398000343279 /* Release */,
			);
			defaultConfigurationIsVisible = 0;
			defaultConfigurationName = Release;
		};
/* End XCConfigurationList section */
	};
	rootObject = F17015A419B4397F00343279 /* Project object */;
}
